
Microsoft Visual Studio Solution File, Format Version 12.00
# Visual Studio Version 16
VisualStudioVersion = 16.0.29209.62
MinimumVisualStudioVersion = 10.0.40219.1
Project("{FAE04EC0-301F-11D3-BF4B-00C04F79EFBC}") = "Album", "Album\Album.csproj", "{3C9F3B5B-006C-4A7E-9120-2FC756599E03}"
EndProject
Project("{FAE04EC0-301F-11D3-BF4B-00C04F79EFBC}") = "Album.Android", "Album.Android\Album.Android.csproj", "{A14231D7-DB1E-4DF2-A1CE-D2B6D659AB4B}"
EndProject
Global
	GlobalSection(SolutionConfigurationPlatforms) = preSolution
		Debug|Any CPU = Debug|Any CPU
		Release|Any CPU = Release|Any CPU
	EndGlobalSection
	GlobalSection(ProjectConfigurationPlatforms) = postSolution
		{3C9F3B5B-006C-4A7E-9120-2FC756599E03}.Debug|Any CPU.ActiveCfg = Debug|Any CPU
		{3C9F3B5B-006C-4A7E-9120-2FC756599E03}.Debug|Any CPU.Build.0 = Debug|Any CPU
		{3C9F3B5B-006C-4A7E-9120-2FC756599E03}.Release|Any CPU.ActiveCfg = Release|Any CPU
		{3C9F3B5B-006C-4A7E-9120-2FC756599E03}.Release|Any CPU.Build.0 = Release|Any CPU
		{A14231D7-DB1E-4DF2-A1CE-D2B6D659AB4B}.Debug|Any CPU.ActiveCfg = Debug|Any CPU
		{A14231D7-DB1E-4DF2-A1CE-D2B6D659AB4B}.Debug|Any CPU.Build.0 = Debug|Any CPU
		{A14231D7-DB1E-4DF2-A1CE-D2B6D659AB4B}.Debug|Any CPU.Deploy.0 = Debug|Any CPU
		{A14231D7-DB1E-4DF2-A1CE-D2B6D659AB4B}.Release|Any CPU.ActiveCfg = Release|Any CPU
		{A14231D7-DB1E-4DF2-A1CE-D2B6D659AB4B}.Release|Any CPU.Build.0 = Release|Any CPU
		{A14231D7-DB1E-4DF2-A1CE-D2B6D659AB4B}.Release|Any CPU.Deploy.0 = Release|Any CPU
	EndGlobalSection
	GlobalSection(SolutionProperties) = preSolution
		HideSolutionNode = FALSE
	EndGlobalSection
	GlobalSection(ExtensibilityGlobals) = postSolution
		SolutionGuid = {DE864AC0-757A-4996-A5FB-81FCF443CFCD}
	EndGlobalSection
EndGlobal
